Microsoft Visual Studio Solution File, Format Version 12.00
# Visual Studio Version 17
VisualStudioVersion = 17.5.2.0
MinimumVisualStudioVersion = 10.0.40219.1
Project("{FAE04EC0-301F-11D3-BF4B-00C04F79EFBC}") = "HealthCareAB_v1", "HealthCareAB_v1.csproj", "{27F3302A-85EA-92F3-AE27-363226CB8F9F}"
EndProject
Global
	GlobalSection(SolutionConfigurationPlatforms) = preSolution
		Debug|Any CPU = Debug|Any CPU
		Release|Any CPU = Release|Any CPU
	EndGlobalSection
	GlobalSection(ProjectConfigurationPlatforms) = postSolution
		{27F3302A-85EA-92F3-AE27-363226CB8F9F}.Debug|Any CPU.ActiveCfg = Debug|Any CPU
		{27F3302A-85EA-92F3-AE27-363226CB8F9F}.Debug|Any CPU.Build.0 = Debug|Any CPU
		{27F3302A-85EA-92F3-AE27-363226CB8F9F}.Release|Any CPU.ActiveCfg = Release|Any CPU
		{27F3302A-85EA-92F3-AE27-363226CB8F9F}.Release|Any CPU.Build.0 = Release|Any CPU
	EndGlobalSection
	GlobalSection(SolutionProperties) = preSolution
		HideSolutionNode = FALSE
	EndGlobalSection
	GlobalSection(ExtensibilityGlobals) = postSolution
		SolutionGuid = {3EAE43CD-1A16-4A1A-B86E-CE4D1AC661FD}
	EndGlobalSection
EndGlobal
